
Microsoft Visual Studio Solution File, Format Version 12.00
# Visual Studio Version 16
VisualStudioVersion = 16.0.29820.132
MinimumVisualStudioVersion = 10.0.40219.1
Project("{FAE04EC0-301F-11D3-BF4B-00C04F79EFBC}") = "VScodeIntelliSenseForPIC", "VScodeIntelliSenseForPIC\VScodeIntelliSenseForPIC.csproj", "{74D1E55B-1C0B-4582-985F-267CFC82983A}"
EndProject
Global
	GlobalSection(SolutionConfigurationPlatforms) = preSolution
		Debug|Any CPU = Debug|Any CPU
		Release|Any CPU = Release|Any CPU
	EndGlobalSection
	GlobalSection(ProjectConfigurationPlatforms) = postSolution
		{74D1E55B-1C0B-4582-985F-267CFC82983A}.Debug|Any CPU.ActiveCfg = Debug|Any CPU
		{74D1E55B-1C0B-4582-985F-267CFC82983A}.Debug|Any CPU.Build.0 = Debug|Any CPU
		{74D1E55B-1C0B-4582-985F-267CFC82983A}.Release|Any CPU.ActiveCfg = Release|Any CPU
		{74D1E55B-1C0B-4582-985F-267CFC82983A}.Release|Any CPU.Build.0 = Release|Any CPU
	EndGlobalSection
	GlobalSection(SolutionProperties) = preSolution
		HideSolutionNode = FALSE
	EndGlobalSection
	GlobalSection(ExtensibilityGlobals) = postSolution
		SolutionGuid = {C12AADC5-8CA5-4259-80C6-DAACA9068899}
	EndGlobalSection
EndGlobal
